// !$*UTF8*$!
{
	archiveVersion = 1;
	classes = {
	};
	objectVersion = 77;
	objects = {

/* Begin PBXBuildFile section */
		D86D31C02F3E7C190074BF2A /* maths_and_physics in Resources */ = {isa = PBXBuildFile; fileRef = D86D31BF2F3E7C190074BF2A /* maths_and_physics */; };
		D8C51E562F3BD790009A5D1A /* MLXEmbedders in Frameworks */ = {isa = PBXBuildFile; productRef = D8C51E552F3BD790009A5D1A /* MLXEmbedders */; };
		D8C51E582F3BD790009A5D1A /* MLXLLM in Frameworks */ = {isa = PBXBuildFile; productRef = D8C51E572F3BD790009A5D1A /* MLXLLM */; };
		D8C51E5A2F3BD790009A5D1A /* MLXLMCommon in Frameworks */ = {isa = PBXBuildFile; productRef = D8C51E592F3BD790009A5D1A /* MLXLMCommon */; };
		D8C51E5C2F3BD790009A5D1A /* MLXMNIST in Frameworks */ = {isa = PBXBuildFile; productRef = D8C51E5B2F3BD790009A5D1A /* MLXMNIST */; };
		D8C51E5E2F3BD790009A5D1A /* MLXVLM in Frameworks */ = {isa = PBXBuildFile; productRef = D8C51E5D2F3BD790009A5D1A /* MLXVLM */; };
		D8C51E612F3BD7AE009A5D1A /* SwiftUIMath in Frameworks */ = {isa = PBXBuildFile; productRef = D8C51E602F3BD7AE009A5D1A /* SwiftUIMath */; };
/* End PBXBuildFile section */

/* Begin PBXFileReference section */
		D86D31BF2F3E7C190074BF2A /* maths_and_physics */ = {isa = PBXFileReference; lastKnownFileType = folder; path = maths_and_physics; sourceTree = "<group>"; };
		D89194BC2F3BC7CA0035642B /* Tink AI.app */ = {isa = PBXFileReference; explicitFileType = wrapper.application; includeInIndex = 0; path = "Tink AI.app"; sourceTree = BUILT_PRODUCTS_DIR; };
/* End PBXFileReference section */

/* Begin PBXFileSystemSynchronizedRootGroup section */
		D89194BE2F3BC7CA0035642B /* Tink AI */ = {
			isa = PBXFileSystemSynchronizedRootGroup;
			path = "Tink AI";
			sourceTree = "<group>";
		};
/* End PBXFileSystemSynchronizedRootGroup section */

/* Begin PBXFrameworksBuildPhase section */
		D89194B92F3BC7CA0035642B /* Frameworks */ = {
			isa = PBXFrameworksBuildPhase;
			buildActionMask = 2147483647;
			files = (
				D8C51E5E2F3BD790009A5D1A /* MLXVLM in Frameworks */,
				D8C51E5C2F3BD790009A5D1A /* MLXMNIST in Frameworks */,
				D8C51E582F3BD790009A5D1A /* MLXLLM in Frameworks */,
				D8C51E5A2F3BD790009A5D1A /* MLXLMCommon in Frameworks */,
				D8C51E612F3BD7AE009A5D1A /* SwiftUIMath in Frameworks */,
				D8C51E562F3BD790009A5D1A /* MLXEmbedders in Frameworks */,
			);
			runOnlyForDeploymentPostprocessing = 0;
		};
/* End PBXFrameworksBuildPhase section */

/* Begin PBXGroup section */
		D89194B32F3BC7CA0035642B = {
			isa = PBXGroup;
			children = (
				D86D31BF2F3E7C190074BF2A /* maths_and_physics */,
				D89194BE2F3BC7CA0035642B /* Tink AI */,
				D89194BD2F3BC7CA0035642B /* Products */,
			);
			sourceTree = "<group>";
		};
		D89194BD2F3BC7CA0035642B /* Products */ = {
			isa = PBXGroup;
			children = (
				D89194BC2F3BC7CA0035642B /* Tink AI.app */,
			);
			name = Products;
			sourceTree = "<group>";
		};
/* End PBXGroup section */

/* Begin PBXNativeTarget section */
		D89194BB2F3BC7CA0035642B /* Tink AI */ = {
			isa = PBXNativeTarget;
			buildConfigurationList = D89194C72F3BC7CB0035642B /* Build configuration list for PBXNativeTarget "Tink AI" */;
			buildPhases = (
				D89194B82F3BC7CA0035642B /* Sources */,
				D89194B92F3BC7CA0035642B /* Frameworks */,
				D89194BA2F3BC7CA0035642B /* Resources */,
			);
			buildRules = (
			);
			dependencies = (
			);
			fileSystemSynchronizedGroups = (
				D89194BE2F3BC7CA0035642B /* Tink AI */,
			);
			name = "Tink AI";
			packageProductDependencies = (
				D8C51E552F3BD790009A5D1A /* MLXEmbedders */,
				D8C51E572F3BD790009A5D1A /* MLXLLM */,
				D8C51E592F3BD790009A5D1A /* MLXLMCommon */,
				D8C51E5B2F3BD790009A5D1A /* MLXMNIST */,
				D8C51E5D2F3BD790009A5D1A /* MLXVLM */,
				D8C51E602F3BD7AE009A5D1A /* SwiftUIMath */,
			);
			productName = "Tink AI";
			productReference = D89194BC2F3BC7CA0035642B /* Tink AI.app */;
			productType = "com.apple.product-type.application";
		};
/* End PBXNativeTarget section */

/* Begin PBXProject section */
		D89194B42F3BC7CA0035642B /* Project object */ = {
			isa = PBXProject;
			attributes = {
				BuildIndependentTargetsInParallel = 1;
				LastSwiftUpdateCheck = 2620;
				LastUpgradeCheck = 2620;
				TargetAttributes = {
					D89194BB2F3BC7CA0035642B = {
						CreatedOnToolsVersion = 26.2;
					};
				};
			};
			buildConfigurationList = D89194B72F3BC7CA0035642B /* Build configuration list for PBXProject "Tink AI" */;
			developmentRegion = en;
			hasScannedForEncodings = 0;
			knownRegions = (
				en,
				Base,
			);
			mainGroup = D89194B32F3BC7CA0035642B;
			minimizedProjectReferenceProxies = 1;
			packageReferences = (
				D8C51E542F3BD790009A5D1A /* XCRemoteSwiftPackageReference "mlx-swift-examples" */,
				D8C51E5F2F3BD7AE009A5D1A /* XCRemoteSwiftPackageReference "swiftui-math" */,
			);
			preferredProjectObjectVersion = 77;
			productRefGroup = D89194BD2F3BC7CA0035642B /* Products */;
			projectDirPath = "";
			projectRoot = "";
			targets = (
				D89194BB2F3BC7CA0035642B /* Tink AI */,
			);
		};
/* End PBXProject section */

/* Begin PBXResourcesBuildPhase section */
		D89194BA2F3BC7CA0035642B /* Resources */ = {
			isa = PBXResourcesBuildPhase;
			buildActionMask = 2147483647;
			files = (
				D86D31C02F3E7C190074BF2A /* maths_and_physics in Resources */,
			);
			runOnlyForDeploymentPostprocessing = 0;
		};
/* End PBXResourcesBuildPhase section */

/* Begin PBXSourcesBuildPhase section */
		D89194B82F3BC7CA0035642B /* Sources */ = {
			isa = PBXSourcesBuildPhase;
			buildActionMask = 2147483647;
			files = (
			);
			runOnlyForDeploymentPostprocessing = 0;
		};
/* End PBXSourcesBuildPhase section */

/* Begin XCBuildConfiguration section */
		D89194C52F3BC7CB0035642B /* Debug */ = {
			isa = XCBuildConfiguration;
			buildSettings = {
				ALWAYS_SEARCH_USER_PATHS = NO;
				ASSETCATALOG_COMPILER_GENERATE_SWIFT_ASSET_SYMBOL_EXTENSIONS = YES;
				CLANG_ANALYZER_NONNULL = YES;
				CLANG_ANALYZER_NUMBER_OBJECT_CONVERSION = YES_AGGRESSIVE;
				CLANG_CXX_LANGUAGE_STANDARD = "gnu++20";
				CLANG_ENABLE_MODULES = YES;
				CLANG_ENABLE_OBJC_ARC = YES;
				CLANG_ENABLE_OBJC_WEAK = YES;
				CLANG_WARN_BLOCK_CAPTURE_AUTORELEASING = YES;
				CLANG_WARN_BOOL_CONVERSION = YES;
				CLANG_WARN_COMMA = YES;
				CLANG_WARN_CONSTANT_CONVERSION = YES;
				CLANG_WARN_DEPRECATED_OBJC_IMPLEMENTATIONS = YES;
				CLANG_WARN_DIRECT_OBJC_ISA_USAGE = YES_ERROR;
				CLANG_WARN_DOCUMENTATION_COMMENTS = YES;
				CLANG_WARN_EMPTY_BODY = YES;
				CLANG_WARN_ENUM_CONVERSION = YES;
				CLANG_WARN_INFINITE_RECURSION = YES;
				CLANG_WARN_INT_CONVERSION = YES;
				CLANG_WARN_NON_LITERAL_NULL_CONVERSION = YES;
				CLANG_WARN_OBJC_IMPLICIT_RETAIN_SELF = YES;
				CLANG_WARN_OBJC_LITERAL_CONVERSION = YES;
				CLANG_WARN_OBJC_ROOT_CLASS = YES_ERROR;
				CLANG_WARN_QUOTED_INCLUDE_IN_FRAMEWORK_HEADER = YES;
				CLANG_WARN_RANGE_LOOP_ANALYSIS = YES;
				CLANG_WARN_STRICT_PROTOTYPES = YES;
				CLANG_WARN_SUSPICIOUS_MOVE = YES;
				CLANG_WARN_UNGUARDED_AVAILABILITY = YES_AGGRESSIVE;
				CLANG_WARN_UNREACHABLE_CODE = YES;
				CLANG_WARN__DUPLICATE_METHOD_MATCH = YES;
				COPY_PHASE_STRIP = NO;
				DEBUG_INFORMATION_FORMAT = dwarf;
				ENABLE_STRICT_OBJC_MSGSEND = YES;
				ENABLE_TESTABILITY = YES;
				ENABLE_USER_SCRIPT_SANDBOXING = YES;
				GCC_C_LANGUAGE_STANDARD = gnu17;
				GCC_DYNAMIC_NO_PIC = NO;
				GCC_NO_COMMON_BLOCKS = YES;
				GCC_OPTIMIZATION_LEVEL = 0;
				GCC_PREPROCESSOR_DEFINITIONS = (
					"DEBUG=1",
					"$(inherited)",
				);
				GCC_WARN_64_TO_32_BIT_CONVERSION = YES;
				GCC_WARN_ABOUT_RETURN_TYPE = YES_ERROR;
				GCC_WARN_UNDECLARED_SELECTOR = YES;
				GCC_WARN_UNINITIALIZED_AUTOS = YES_AGGRESSIVE;
				GCC_WARN_UNUSED_FUNCTION = YES;
				GCC_WARN_UNUSED_VARIABLE = YES;
				LOCALIZATION_PREFERS_STRING_CATALOGS = YES;
				MACOSX_DEPLOYMENT_TARGET = 15.7;
				MTL_ENABLE_DEBUG_INFO = INCLUDE_SOURCE;
				MTL_FAST_MATH = YES;
				ONLY_ACTIVE_ARCH = YES;
				SDKROOT = macosx;
				SWIFT_ACTIVE_COMPILATION_CONDITIONS = "DEBUG $(inherited)";
				SWIFT_OPTIMIZATION_LEVEL = "-Onone";
			};
			name = Debug;
		};
		D89194C62F3BC7CB0035642B /* Release */ = {
			isa = XCBuildConfiguration;
			buildSettings = {
				ALWAYS_SEARCH_USER_PATHS = NO;
				ASSETCATALOG_COMPILER_GENERATE_SWIFT_ASSET_SYMBOL_EXTENSIONS = YES;
				CLANG_ANALYZER_NONNULL = YES;
				CLANG_ANALYZER_NUMBER_OBJECT_CONVERSION = YES_AGGRESSIVE;
				CLANG_CXX_LANGUAGE_STANDARD = "gnu++20";
				CLANG_ENABLE_MODULES = YES;
				CLANG_ENABLE_OBJC_ARC = YES;
				CLANG_ENABLE_OBJC_WEAK = YES;
				CLANG_WARN_BLOCK_CAPTURE_AUTORELEASING = YES;
				CLANG_WARN_BOOL_CONVERSION = YES;
				CLANG_WARN_COMMA = YES;
				CLANG_WARN_CONSTANT_CONVERSION = YES;
				CLANG_WARN_DEPRECATED_OBJC_IMPLEMENTATIONS = YES;
				CLANG_WARN_DIRECT_OBJC_ISA_USAGE = YES_ERROR;
				CLANG_WARN_DOCUMENTATION_COMMENTS = YES;
				CLANG_WARN_EMPTY_BODY = YES;
				CLANG_WARN_ENUM_CONVERSION = YES;
				CLANG_WARN_INFINITE_RECURSION = YES;
				CLANG_WARN_INT_CONVERSION = YES;
				CLANG_WARN_NON_LITERAL_NULL_CONVERSION = YES;
				CLANG_WARN_OBJC_IMPLICIT_RETAIN_SELF = YES;
				CLANG_WARN_OBJC_LITERAL_CONVERSION = YES;
				CLANG_WARN_OBJC_ROOT_CLASS = YES_ERROR;
				CLANG_WARN_QUOTED_INCLUDE_IN_FRAMEWORK_HEADER = YES;
				CLANG_WARN_RANGE_LOOP_ANALYSIS = YES;
				CLANG_WARN_STRICT_PROTOTYPES = YES;
				CLANG_WARN_SUSPICIOUS_MOVE = YES;
				CLANG_WARN_UNGUARDED_AVAILABILITY = YES_AGGRESSIVE;
				CLANG_WARN_UNREACHABLE_CODE = YES;
				CLANG_WARN__DUPLICATE_METHOD_MATCH = YES;
				COPY_PHASE_STRIP = NO;
				DEBUG_INFORMATION_FORMAT = "dwarf-with-dsym";
				ENABLE_NS_ASSERTIONS = NO;
				ENABLE_STRICT_OBJC_MSGSEND = YES;
				ENABLE_USER_SCRIPT_SANDBOXING = YES;
				GCC_C_LANGUAGE_STANDARD = gnu17;
				GCC_NO_COMMON_BLOCKS = YES;
				GCC_WARN_64_TO_32_BIT_CONVERSION = YES;
				GCC_WARN_ABOUT_RETURN_TYPE = YES_ERROR;
				GCC_WARN_UNDECLARED_SELECTOR = YES;
				GCC_WARN_UNINITIALIZED_AUTOS = YES_AGGRESSIVE;
				GCC_WARN_UNUSED_FUNCTION = YES;
				GCC_WARN_UNUSED_VARIABLE = YES;
				LOCALIZATION_PREFERS_STRING_CATALOGS = YES;
				MACOSX_DEPLOYMENT_TARGET = 15.7;
				MTL_ENABLE_DEBUG_INFO = NO;
				MTL_FAST_MATH = YES;
				SDKROOT = macosx;
				SWIFT_COMPILATION_MODE = wholemodule;
			};
			name = Release;
		};
		D89194C82F3BC7CB0035642B /* Debug */ = {
			isa = XCBuildConfiguration;
			buildSettings = {
				ASSETCATALOG_COMPILER_APPICON_NAME = AppIcon;
				ASSETCATALOG_COMPILER_GLOBAL_ACCENT_COLOR_NAME = AccentColor;
				CODE_SIGN_STYLE = Automatic;
				COMBINE_HIDPI_IMAGES = YES;
				CURRENT_PROJECT_VERSION = 1;
				ENABLE_APP_SANDBOX = YES;
				ENABLE_INCOMING_NETWORK_CONNECTIONS = NO;
				ENABLE_OUTGOING_NETWORK_CONNECTIONS = YES;
				ENABLE_PREVIEWS = YES;
				ENABLE_RESOURCE_ACCESS_AUDIO_INPUT = NO;
				ENABLE_RESOURCE_ACCESS_BLUETOOTH = NO;
				ENABLE_RESOURCE_ACCESS_CALENDARS = NO;
				ENABLE_RESOURCE_ACCESS_CAMERA = NO;
				ENABLE_RESOURCE_ACCESS_CONTACTS = NO;
				ENABLE_RESOURCE_ACCESS_LOCATION = NO;
				ENABLE_RESOURCE_ACCESS_PRINTING = NO;
				ENABLE_RESOURCE_ACCESS_USB = NO;
				ENABLE_USER_SELECTED_FILES = readonly;
				GENERATE_INFOPLIST_FILE = YES;
				INFOPLIST_KEY_NSHumanReadableCopyright = "";
				LD_RUNPATH_SEARCH_PATHS = (
					"$(inherited)",
					"@executable_path/../Frameworks",
				);
				MARKETING_VERSION = 1.0;
				PRODUCT_BUNDLE_IDENTIFIER = "com.Tink-AI";
				PRODUCT_NAME = "$(TARGET_NAME)";
				REGISTER_APP_GROUPS = YES;
				STRING_CATALOG_GENERATE_SYMBOLS = YES;
				SWIFT_APPROACHABLE_CONCURRENCY = YES;
				SWIFT_DEFAULT_ACTOR_ISOLATION = MainActor;
				SWIFT_EMIT_LOC_STRINGS = YES;
				SWIFT_UPCOMING_FEATURE_MEMBER_IMPORT_VISIBILITY = YES;
				SWIFT_VERSION = 5.0;
			};
			name = Debug;
		};
		D89194C92F3BC7CB0035642B /* Release */ = {
			isa = XCBuildConfiguration;
			buildSettings = {
				ASSETCATALOG_COMPILER_APPICON_NAME = AppIcon;
				ASSETCATALOG_COMPILER_GLOBAL_ACCENT_COLOR_NAME = AccentColor;
				CODE_SIGN_STYLE = Automatic;
				COMBINE_HIDPI_IMAGES = YES;
				CURRENT_PROJECT_VERSION = 1;
				ENABLE_APP_SANDBOX = YES;
				ENABLE_INCOMING_NETWORK_CONNECTIONS = NO;
				ENABLE_OUTGOING_NETWORK_CONNECTIONS = YES;
				ENABLE_PREVIEWS = YES;
				ENABLE_RESOURCE_ACCESS_AUDIO_INPUT = NO;
				ENABLE_RESOURCE_ACCESS_BLUETOOTH = NO;
				ENABLE_RESOURCE_ACCESS_CALENDARS = NO;
				ENABLE_RESOURCE_ACCESS_CAMERA = NO;
				ENABLE_RESOURCE_ACCESS_CONTACTS = NO;
				ENABLE_RESOURCE_ACCESS_LOCATION = NO;
				ENABLE_RESOURCE_ACCESS_PRINTING = NO;
				ENABLE_RESOURCE_ACCESS_USB = NO;
				ENABLE_USER_SELECTED_FILES = readonly;
				GENERATE_INFOPLIST_FILE = YES;
				INFOPLIST_KEY_NSHumanReadableCopyright = "";
				LD_RUNPATH_SEARCH_PATHS = (
					"$(inherited)",
					"@executable_path/../Frameworks",
				);
				MARKETING_VERSION = 1.0;
				PRODUCT_BUNDLE_IDENTIFIER = "com.Tink-AI";
				PRODUCT_NAME = "$(TARGET_NAME)";
				REGISTER_APP_GROUPS = YES;
				STRING_CATALOG_GENERATE_SYMBOLS = YES;
				SWIFT_APPROACHABLE_CONCURRENCY = YES;
				SWIFT_DEFAULT_ACTOR_ISOLATION = MainActor;
				SWIFT_EMIT_LOC_STRINGS = YES;
				SWIFT_UPCOMING_FEATURE_MEMBER_IMPORT_VISIBILITY = YES;
				SWIFT_VERSION = 5.0;
			};
			name = Release;
		};
/* End XCBuildConfiguration section */

/* Begin XCConfigurationList section */
		D89194B72F3BC7CA0035642B /* Build configuration list for PBXProject "Tink AI" */ = {
			isa = XCConfigurationList;
			buildConfigurations = (
				D89194C52F3BC7CB0035642B /* Debug */,
				D89194C62F3BC7CB0035642B /* Release */,
			);
			defaultConfigurationIsVisible = 0;
			defaultConfigurationName = Release;
		};
		D89194C72F3BC7CB0035642B /* Build configuration list for PBXNativeTarget "Tink AI" */ = {
			isa = XCConfigurationList;
			buildConfigurations = (
				D89194C82F3BC7CB0035642B /* Debug */,
				D89194C92F3BC7CB0035642B /* Release */,
			);
			defaultConfigurationIsVisible = 0;
			defaultConfigurationName = Release;
		};
/* End XCConfigurationList section */

/* Begin XCRemoteSwiftPackageReference section */
		D8C51E542F3BD790009A5D1A /* XCRemoteSwiftPackageReference "mlx-swift-examples" */ = {
			isa = XCRemoteSwiftPackageReference;
			repositoryURL = "https://github.com/ml-explore/mlx-swift-examples";
			requirement = {
				kind = upToNextMajorVersion;
				minimumVersion = 2.29.1;
			};
		};
		D8C51E5F2F3BD7AE009A5D1A /* XCRemoteSwiftPackageReference "swiftui-math" */ = {
			isa = XCRemoteSwiftPackageReference;
			repositoryURL = "https://github.com/gonzalezreal/swiftui-math";
			requirement = {
				kind = upToNextMajorVersion;
				minimumVersion = 0.1.0;
			};
		};
/* End XCRemoteSwiftPackageReference section */

/* Begin XCSwiftPackageProductDependency section */
		D8C51E552F3BD790009A5D1A /* MLXEmbedders */ = {
			isa = XCSwiftPackageProductDependency;
			package = D8C51E542F3BD790009A5D1A /* XCRemoteSwiftPackageReference "mlx-swift-examples" */;
			productName = MLXEmbedders;
		};
		D8C51E572F3BD790009A5D1A /* MLXLLM */ = {
			isa = XCSwiftPackageProductDependency;
			package = D8C51E542F3BD790009A5D1A /* XCRemoteSwiftPackageReference "mlx-swift-examples" */;
			productName = MLXLLM;
		};
		D8C51E592F3BD790009A5D1A /* MLXLMCommon */ = {
			isa = XCSwiftPackageProductDependency;
			package = D8C51E542F3BD790009A5D1A /* XCRemoteSwiftPackageReference "mlx-swift-examples" */;
			productName = MLXLMCommon;
		};
		D8C51E5B2F3BD790009A5D1A /* MLXMNIST */ = {
			isa = XCSwiftPackageProductDependency;
			package = D8C51E542F3BD790009A5D1A /* XCRemoteSwiftPackageReference "mlx-swift-examples" */;
			productName = MLXMNIST;
		};
		D8C51E5D2F3BD790009A5D1A /* MLXVLM */ = {
			isa = XCSwiftPackageProductDependency;
			package = D8C51E542F3BD790009A5D1A /* XCRemoteSwiftPackageReference "mlx-swift-examples" */;
			productName = MLXVLM;
		};
		D8C51E602F3BD7AE009A5D1A /* SwiftUIMath */ = {
			isa = XCSwiftPackageProductDependency;
			package = D8C51E5F2F3BD7AE009A5D1A /* XCRemoteSwiftPackageReference "swiftui-math" */;
			productName = SwiftUIMath;
		};
/* End XCSwiftPackageProductDependency section */
	};
	rootObject = D89194B42F3BC7CA0035642B /* Project object */;
}
